
Microsoft Visual Studio Solution File, Format Version 12.00
# Visual Studio Version 17
VisualStudioVersion = 17.3.32901.215
MinimumVisualStudioVersion = 10.0.40219.1
Project("{FAE04EC0-301F-11D3-BF4B-00C04F79EFBC}") = "crud operations", "crud operations\crud operations.csproj", "{94693543-FD3E-44CA-9B76-9398E993D020}"
EndProject
Global
	GlobalSection(SolutionConfigurationPlatforms) = preSolution
		Debug|Any CPU = Debug|Any CPU
		Release|Any CPU = Release|Any CPU
	EndGlobalSection
	GlobalSection(ProjectConfigurationPlatforms) = postSolution
		{94693543-FD3E-44CA-9B76-9398E993D020}.Debug|Any CPU.ActiveCfg = Debug|Any CPU
		{94693543-FD3E-44CA-9B76-9398E993D020}.Debug|Any CPU.Build.0 = Debug|Any CPU
		{94693543-FD3E-44CA-9B76-9398E993D020}.Release|Any CPU.ActiveCfg = Release|Any CPU
		{94693543-FD3E-44CA-9B76-9398E993D020}.Release|Any CPU.Build.0 = Release|Any CPU
	EndGlobalSection
	GlobalSection(SolutionProperties) = preSolution
		HideSolutionNode = FALSE
	EndGlobalSection
	GlobalSection(ExtensibilityGlobals) = postSolution
		SolutionGuid = {79AE0BDB-748D-4277-9816-AA89708372DF}
	EndGlobalSection
EndGlobal
