
Microsoft Visual Studio Solution File, Format Version 12.00
# Visual Studio Version 17
VisualStudioVersion = 17.3.32901.215
MinimumVisualStudioVersion = 10.0.40219.1
Project("{FAE04EC0-301F-11D3-BF4B-00C04F79EFBC}") = "sijans code", "sijans code\sijans code.csproj", "{689F0B0B-1D66-4BAA-9839-C07811245606}"
EndProject
Global
	GlobalSection(SolutionConfigurationPlatforms) = preSolution
		Debug|Any CPU = Debug|Any CPU
		Release|Any CPU = Release|Any CPU
	EndGlobalSection
	GlobalSection(ProjectConfigurationPlatforms) = postSolution
		{689F0B0B-1D66-4BAA-9839-C07811245606}.Debug|Any CPU.ActiveCfg = Debug|Any CPU
		{689F0B0B-1D66-4BAA-9839-C07811245606}.Debug|Any CPU.Build.0 = Debug|Any CPU
		{689F0B0B-1D66-4BAA-9839-C07811245606}.Release|Any CPU.ActiveCfg = Release|Any CPU
		{689F0B0B-1D66-4BAA-9839-C07811245606}.Release|Any CPU.Build.0 = Release|Any CPU
	EndGlobalSection
	GlobalSection(SolutionProperties) = preSolution
		HideSolutionNode = FALSE
	EndGlobalSection
	GlobalSection(ExtensibilityGlobals) = postSolution
		SolutionGuid = {75BF323D-F4C9-4907-B263-64EAE03E1EA9}
	EndGlobalSection
EndGlobal
